
Microsoft Visual Studio Solution File, Format Version 12.00
# Visual Studio Version 16
VisualStudioVersion = 16.0.31729.503
MinimumVisualStudioVersion = 10.0.40219.1
Project("{9A19103F-16F7-4668-BE54-9A1E7A4F7556}") = "MonobankExporter.API", "MonobankExporter.API\MonobankExporter.API.csproj", "{B8A56C39-3166-4590-9AB8-2763189F4BE7}"
EndProject
Project("{9A19103F-16F7-4668-BE54-9A1E7A4F7556}") = "Monobank.Core", "Monobank.Core\Monobank.Core.csproj", "{4536ECA0-60C8-47BC-B302-67161A2FDA5F}"
EndProject
Project("{9A19103F-16F7-4668-BE54-9A1E7A4F7556}") = "Monobank.Tests", "Monobank.Tests\Monobank.Tests.csproj", "{AE9296C3-D1D1-4B4D-B56F-5A86CA92360E}"
EndProject
Project("{FAE04EC0-301F-11D3-BF4B-00C04F79EFBC}") = "MonobankExporter.BusinessLogic", "MonobankExporter.BusinessLogic\MonobankExporter.BusinessLogic.csproj", "{6C37755E-9B9A-4F91-A483-3DBC3E0E6CC8}"
EndProject
Global
	GlobalSection(SolutionConfigurationPlatforms) = preSolution
		Debug|Any CPU = Debug|Any CPU
		Release|Any CPU = Release|Any CPU
	EndGlobalSection
	GlobalSection(ProjectConfigurationPlatforms) = postSolution
		{B8A56C39-3166-4590-9AB8-2763189F4BE7}.Debug|Any CPU.ActiveCfg = Debug|Any CPU
		{B8A56C39-3166-4590-9AB8-2763189F4BE7}.Debug|Any CPU.Build.0 = Debug|Any CPU
		{B8A56C39-3166-4590-9AB8-2763189F4BE7}.Release|Any CPU.ActiveCfg = Release|Any CPU
		{B8A56C39-3166-4590-9AB8-2763189F4BE7}.Release|Any CPU.Build.0 = Release|Any CPU
		{4536ECA0-60C8-47BC-B302-67161A2FDA5F}.Debug|Any CPU.ActiveCfg = Debug|Any CPU
		{4536ECA0-60C8-47BC-B302-67161A2FDA5F}.Debug|Any CPU.Build.0 = Debug|Any CPU
		{4536ECA0-60C8-47BC-B302-67161A2FDA5F}.Release|Any CPU.ActiveCfg = Release|Any CPU
		{4536ECA0-60C8-47BC-B302-67161A2FDA5F}.Release|Any CPU.Build.0 = Release|Any CPU
		{AE9296C3-D1D1-4B4D-B56F-5A86CA92360E}.Debug|Any CPU.ActiveCfg = Debug|Any CPU
		{AE9296C3-D1D1-4B4D-B56F-5A86CA92360E}.Debug|Any CPU.Build.0 = Debug|Any CPU
		{AE9296C3-D1D1-4B4D-B56F-5A86CA92360E}.Release|Any CPU.ActiveCfg = Release|Any CPU
		{AE9296C3-D1D1-4B4D-B56F-5A86CA92360E}.Release|Any CPU.Build.0 = Release|Any CPU
		{6C37755E-9B9A-4F91-A483-3DBC3E0E6CC8}.Debug|Any CPU.ActiveCfg = Debug|Any CPU
		{6C37755E-9B9A-4F91-A483-3DBC3E0E6CC8}.Debug|Any CPU.Build.0 = Debug|Any CPU
		{6C37755E-9B9A-4F91-A483-3DBC3E0E6CC8}.Release|Any CPU.ActiveCfg = Release|Any CPU
		{6C37755E-9B9A-4F91-A483-3DBC3E0E6CC8}.Release|Any CPU.Build.0 = Release|Any CPU
	EndGlobalSection
	GlobalSection(SolutionProperties) = preSolution
		HideSolutionNode = FALSE
	EndGlobalSection
	GlobalSection(ExtensibilityGlobals) = postSolution
		SolutionGuid = {E2453D76-9A67-43AA-BB9C-F8D5013D6E6E}
	EndGlobalSection
EndGlobal
