
Microsoft Visual Studio Solution File, Format Version 12.00
# Visual Studio Version 16
VisualStudioVersion = 16.0.31729.503
MinimumVisualStudioVersion = 10.0.40219.1
Project("{9A19103F-16F7-4668-BE54-9A1E7A4F7556}") = "MonobankExporter.API", "MonobankExporter.API\MonobankExporter.API.csproj", "{B8A56C39-3166-4590-9AB8-2763189F4BE7}"
EndProject
Project("{9A19103F-16F7-4668-BE54-9A1E7A4F7556}") = "MonobankExporter.Application", "MonobankExporter.Application\MonobankExporter.Application.csproj", "{6C37755E-9B9A-4F91-A483-3DBC3E0E6CC8}"
EndProject
Project("{9A19103F-16F7-4668-BE54-9A1E7A4F7556}") = "MonobankExporter.UnitTests", "MonobankExporter.UnitTests\MonobankExporter.UnitTests.csproj", "{2B71B77A-BFDE-42EC-A0F8-42538E33F32B}"
EndProject
Global
	GlobalSection(SolutionConfigurationPlatforms) = preSolution
		Debug|Any CPU = Debug|Any CPU
		Release|Any CPU = Release|Any CPU
	EndGlobalSection
	GlobalSection(ProjectConfigurationPlatforms) = postSolution
		{B8A56C39-3166-4590-9AB8-2763189F4BE7}.Debug|Any CPU.ActiveCfg = Debug|Any CPU
		{B8A56C39-3166-4590-9AB8-2763189F4BE7}.Debug|Any CPU.Build.0 = Debug|Any CPU
		{B8A56C39-3166-4590-9AB8-2763189F4BE7}.Release|Any CPU.ActiveCfg = Release|Any CPU
		{B8A56C39-3166-4590-9AB8-2763189F4BE7}.Release|Any CPU.Build.0 = Release|Any CPU
		{6C37755E-9B9A-4F91-A483-3DBC3E0E6CC8}.Debug|Any CPU.ActiveCfg = Debug|Any CPU
		{6C37755E-9B9A-4F91-A483-3DBC3E0E6CC8}.Debug|Any CPU.Build.0 = Debug|Any CPU
		{6C37755E-9B9A-4F91-A483-3DBC3E0E6CC8}.Release|Any CPU.ActiveCfg = Release|Any CPU
		{6C37755E-9B9A-4F91-A483-3DBC3E0E6CC8}.Release|Any CPU.Build.0 = Release|Any CPU
		{2B71B77A-BFDE-42EC-A0F8-42538E33F32B}.Debug|Any CPU.ActiveCfg = Debug|Any CPU
		{2B71B77A-BFDE-42EC-A0F8-42538E33F32B}.Debug|Any CPU.Build.0 = Debug|Any CPU
		{2B71B77A-BFDE-42EC-A0F8-42538E33F32B}.Release|Any CPU.ActiveCfg = Release|Any CPU
		{2B71B77A-BFDE-42EC-A0F8-42538E33F32B}.Release|Any CPU.Build.0 = Release|Any CPU
	EndGlobalSection
	GlobalSection(SolutionProperties) = preSolution
		HideSolutionNode = FALSE
	EndGlobalSection
	GlobalSection(ExtensibilityGlobals) = postSolution
		SolutionGuid = {E2453D76-9A67-43AA-BB9C-F8D5013D6E6E}
	EndGlobalSection
EndGlobal
